
Microsoft Visual Studio Solution File, Format Version 12.00
# Visual Studio 15
VisualStudioVersion = 15.0.28010.2048
MinimumVisualStudioVersion = 10.0.40219.1
Project("{9092AA53-FB77-4645-B42D-1CCCA6BD08BD}") = "Test_load_module", "Test_load_module\Test_load_module.njsproj", "{D24DD184-E227-45A4-8E36-8F844FAA5CFB}"
EndProject
Global
	GlobalSection(SolutionConfigurationPlatforms) = preSolution
		Debug|Any CPU = Debug|Any CPU
		Release|Any CPU = Release|Any CPU
	EndGlobalSection
	GlobalSection(ProjectConfigurationPlatforms) = postSolution
		{D24DD184-E227-45A4-8E36-8F844FAA5CFB}.Debug|Any CPU.ActiveCfg = Debug|Any CPU
		{D24DD184-E227-45A4-8E36-8F844FAA5CFB}.Debug|Any CPU.Build.0 = Debug|Any CPU
		{D24DD184-E227-45A4-8E36-8F844FAA5CFB}.Release|Any CPU.ActiveCfg = Release|Any CPU
		{D24DD184-E227-45A4-8E36-8F844FAA5CFB}.Release|Any CPU.Build.0 = Release|Any CPU
	EndGlobalSection
	GlobalSection(SolutionProperties) = preSolution
		HideSolutionNode = FALSE
	EndGlobalSection
	GlobalSection(ExtensibilityGlobals) = postSolution
		SolutionGuid = {0F64AD1F-6EBF-42E7-822D-D004F42764A0}
	EndGlobalSection
EndGlobal
